// !$*UTF8*$!
{
	archiveVersion = 1;
	classes = {
	};
	objectVersion = 46;
	objects = {

/* Begin PBXBuildFile section */
		7300CC7315C6321500F97A4B /* iphone.storyboard in Resources */ = {isa = PBXBuildFile; fileRef = 7300CC7215C6321500F97A4B /* iphone.storyboard */; };
		7300CC7615C6450200F97A4B /* flightInfoCell.m in Sources */ = {isa = PBXBuildFile; fileRef = 7300CC7515C6450200F97A4B /* flightInfoCell.m */; };
		7300CC7915C6562000F97A4B /* flightStatusCell.m in Sources */ = {isa = PBXBuildFile; fileRef = 7300CC7815C6562000F97A4B /* flightStatusCell.m */; };
		7300CC8315C67A2100F97A4B /* flightViewController.m in Sources */ = {isa = PBXBuildFile; fileRef = 7300CC8215C67A2100F97A4B /* flightViewController.m */; };
		7315E3D7164413BF00FA05AA /* background.png in Resources */ = {isa = PBXBuildFile; fileRef = 7315E3BF164413BF00FA05AA /* background.png */; };
		7315E3D8164413BF00FA05AA /* Default.png in Resources */ = {isa = PBXBuildFile; fileRef = 7315E3C0164413BF00FA05AA /* Default.png */; };
		7315E3D9164413BF00FA05AA /* flightSheetsDefault.png in Resources */ = {isa = PBXBuildFile; fileRef = 7315E3C1164413BF00FA05AA /* flightSheetsDefault.png */; };
		7315E3DA164413BF00FA05AA /* flightstatus-approach.png in Resources */ = {isa = PBXBuildFile; fileRef = 7315E3C2164413BF00FA05AA /* flightstatus-approach.png */; };
		7315E3DB164413BF00FA05AA /* flightstatus-departing.png in Resources */ = {isa = PBXBuildFile; fileRef = 7315E3C3164413BF00FA05AA /* flightstatus-departing.png */; };
		7315E3DC164413BF00FA05AA /* flightstatus-inflight.png in Resources */ = {isa = PBXBuildFile; fileRef = 7315E3C4164413BF00FA05AA /* flightstatus-inflight.png */; };
		7315E3DD164413BF00FA05AA /* homeScreen-defaultCell.png in Resources */ = {isa = PBXBuildFile; fileRef = 7315E3C5164413BF00FA05AA /* homeScreen-defaultCell.png */; };
		7315E3E0164413BF00FA05AA /* tabbar-arrival.png in Resources */ = {isa = PBXBuildFile; fileRef = 7315E3C8164413BF00FA05AA /* tabbar-arrival.png */; };
		7315E3E1164413BF00FA05AA /* tabbar-departuer.png in Resources */ = {isa = PBXBuildFile; fileRef = 7315E3C9164413BF00FA05AA /* tabbar-departuer.png */; };
		7315E3E2164413BF00FA05AA /* background@2x.png in Resources */ = {isa = PBXBuildFile; fileRef = 7315E3CB164413BF00FA05AA /* background@2x.png */; };
		7315E3E3164413BF00FA05AA /* Default@2x.png in Resources */ = {isa = PBXBuildFile; fileRef = 7315E3CC164413BF00FA05AA /* Default@2x.png */; };
		7315E3E4164413BF00FA05AA /* flightSheetsDefault@2x.png in Resources */ = {isa = PBXBuildFile; fileRef = 7315E3CD164413BF00FA05AA /* flightSheetsDefault@2x.png */; };
		7315E3E5164413BF00FA05AA /* flightstatus-approach@2x.png in Resources */ = {isa = PBXBuildFile; fileRef = 7315E3CE164413BF00FA05AA /* flightstatus-approach@2x.png */; };
		7315E3E6164413BF00FA05AA /* flightstatus-departing@2x.png in Resources */ = {isa = PBXBuildFile; fileRef = 7315E3CF164413BF00FA05AA /* flightstatus-departing@2x.png */; };
		7315E3E7164413BF00FA05AA /* flightstatus-inflight@2x.png in Resources */ = {isa = PBXBuildFile; fileRef = 7315E3D0164413BF00FA05AA /* flightstatus-inflight@2x.png */; };
		7315E3E8164413BF00FA05AA /* homeScreen-defaultCell@2x.png in Resources */ = {isa = PBXBuildFile; fileRef = 7315E3D1164413BF00FA05AA /* homeScreen-defaultCell@2x.png */; };
		7315E3EC164413BF00FA05AA /* tabbar-arrival@2x.png in Resources */ = {isa = PBXBuildFile; fileRef = 7315E3D5164413BF00FA05AA /* tabbar-arrival@2x.png */; };
		7315E3ED164413BF00FA05AA /* tabbar-departuer@2x.png in Resources */ = {isa = PBXBuildFile; fileRef = 7315E3D6164413BF00FA05AA /* tabbar-departuer@2x.png */; };
		7315E3FA164417CA00FA05AA /* background-downtown@2x.png in Resources */ = {isa = PBXBuildFile; fileRef = 7315E3F9164417CA00FA05AA /* background-downtown@2x.png */; };
		7315E3FC164417D800FA05AA /* background-downtown.png in Resources */ = {isa = PBXBuildFile; fileRef = 7315E3FB164417D800FA05AA /* background-downtown.png */; };
		7315E40216441B2500FA05AA /* background-downtown-568h@2x.png in Resources */ = {isa = PBXBuildFile; fileRef = 7315E40016441B2500FA05AA /* background-downtown-568h@2x.png */; };
		7315E40316441B2500FA05AA /* Default-568h@2x.png in Resources */ = {isa = PBXBuildFile; fileRef = 7315E40116441B2500FA05AA /* Default-568h@2x.png */; };
		7315E40F16443BBB00FA05AA /* Icon-72.png in Resources */ = {isa = PBXBuildFile; fileRef = 7315E40516443BBB00FA05AA /* Icon-72.png */; };
		7315E41016443BBB00FA05AA /* Icon-72@2x.png in Resources */ = {isa = PBXBuildFile; fileRef = 7315E40616443BBB00FA05AA /* Icon-72@2x.png */; };
		7315E41116443BBB00FA05AA /* Icon-Small-50.png in Resources */ = {isa = PBXBuildFile; fileRef = 7315E40716443BBB00FA05AA /* Icon-Small-50.png */; };
		7315E41216443BBB00FA05AA /* Icon-Small-50@2x.png in Resources */ = {isa = PBXBuildFile; fileRef = 7315E40816443BBB00FA05AA /* Icon-Small-50@2x.png */; };
		7315E41316443BBB00FA05AA /* Icon-Small.png in Resources */ = {isa = PBXBuildFile; fileRef = 7315E40916443BBB00FA05AA /* Icon-Small.png */; };
		7315E41416443BBB00FA05AA /* Icon-Small@2x.png in Resources */ = {isa = PBXBuildFile; fileRef = 7315E40A16443BBB00FA05AA /* Icon-Small@2x.png */; };
		7315E41516443BBB00FA05AA /* Icon.png in Resources */ = {isa = PBXBuildFile; fileRef = 7315E40B16443BBB00FA05AA /* Icon.png */; };
		7315E41616443BBB00FA05AA /* Icon@2x.png in Resources */ = {isa = PBXBuildFile; fileRef = 7315E40C16443BBB00FA05AA /* Icon@2x.png */; };
		7315E41716443BBB00FA05AA /* iTunesArtwork in Resources */ = {isa = PBXBuildFile; fileRef = 7315E40D16443BBB00FA05AA /* iTunesArtwork */; };
		7315E41816443BBB00FA05AA /* iTunesArtwork@2x.png in Resources */ = {isa = PBXBuildFile; fileRef = 7315E40E16443BBB00FA05AA /* iTunesArtwork@2x.png */; };
		7315E41E164452BF00FA05AA /* loadingIndcationView@2x.png in Resources */ = {isa = PBXBuildFile; fileRef = 7315E41D164452BF00FA05AA /* loadingIndcationView@2x.png */; };
		7315E420164452C900FA05AA /* loadingIndcationView.png in Resources */ = {isa = PBXBuildFile; fileRef = 7315E41F164452C900FA05AA /* loadingIndcationView.png */; };
		734A32A11639938800848109 /* flightSheetDefaultCell.m in Sources */ = {isa = PBXBuildFile; fileRef = 734A32A01639938800848109 /* flightSheetDefaultCell.m */; };
		739C4E2615907113008D91FB /* UIKit.framework in Frameworks */ = {isa = PBXBuildFile; fileRef = 739C4E2515907113008D91FB /* UIKit.framework */; };
		739C4E2815907113008D91FB /* Foundation.framework in Frameworks */ = {isa = PBXBuildFile; fileRef = 739C4E2715907113008D91FB /* Foundation.framework */; };
		739C4E2A15907113008D91FB /* CoreGraphics.framework in Frameworks */ = {isa = PBXBuildFile; fileRef = 739C4E2915907113008D91FB /* CoreGraphics.framework */; };
		739C4E3015907113008D91FB /* InfoPlist.strings in Resources */ = {isa = PBXBuildFile; fileRef = 739C4E2E15907113008D91FB /* InfoPlist.strings */; };
		739C4E3215907113008D91FB /* main.m in Sources */ = {isa = PBXBuildFile; fileRef = 739C4E3115907113008D91FB /* main.m */; };
		739C4E3615907113008D91FB /* AppDelegate.m in Sources */ = {isa = PBXBuildFile; fileRef = 739C4E3515907113008D91FB /* AppDelegate.m */; };
		739C4E3C15907114008D91FB /* ViewController.m in Sources */ = {isa = PBXBuildFile; fileRef = 739C4E3B15907114008D91FB /* ViewController.m */; };
/* End PBXBuildFile section */

/* Begin PBXFileReference section */
		7300CC7215C6321500F97A4B /* iphone.storyboard */ = {isa = PBXFileReference; fileEncoding = 4; lastKnownFileType = file.storyboard; name = iphone.storyboard; path = ../iphone.storyboard; sourceTree = "<group>"; };
		7300CC7415C6450200F97A4B /* flightInfoCell.h */ = {isa = PBXFileReference; fileEncoding = 4; lastKnownFileType = sourcecode.c.h; path = flightInfoCell.h; sourceTree = "<group>"; };
		7300CC7515C6450200F97A4B /* flightInfoCell.m */ = {isa = PBXFileReference; fileEncoding = 4; lastKnownFileType = sourcecode.c.objc; path = flightInfoCell.m; sourceTree = "<group>"; };
		7300CC7715C6562000F97A4B /* flightStatusCell.h */ = {isa = PBXFileReference; fileEncoding = 4; lastKnownFileType = sourcecode.c.h; path = flightStatusCell.h; sourceTree = "<group>"; };
		7300CC7815C6562000F97A4B /* flightStatusCell.m */ = {isa = PBXFileReference; fileEncoding = 4; lastKnownFileType = sourcecode.c.objc; path = flightStatusCell.m; sourceTree = "<group>"; };
		7300CC8115C67A2000F97A4B /* flightViewController.h */ = {isa = PBXFileReference; fileEncoding = 4; lastKnownFileType = sourcecode.c.h; path = flightViewController.h; sourceTree = "<group>"; };
		7300CC8215C67A2100F97A4B /* flightViewController.m */ = {isa = PBXFileReference; fileEncoding = 4; lastKnownFileType = sourcecode.c.objc; path = flightViewController.m; sourceTree = "<group>"; };
		7313CCE6163C1F29001CAB4F /* iTunesArtwork */ = {isa = PBXFileReference; lastKnownFileType = file; path = iTunesArtwork; sourceTree = "<group>"; };
		7315E3BF164413BF00FA05AA /* background.png */ = {isa = PBXFileReference; lastKnownFileType = image.png; path = background.png; sourceTree = "<group>"; };
		7315E3C0164413BF00FA05AA /* Default.png */ = {isa = PBXFileReference; lastKnownFileType = image.png; path = Default.png; sourceTree = "<group>"; };
		7315E3C1164413BF00FA05AA /* flightSheetsDefault.png */ = {isa = PBXFileReference; lastKnownFileType = image.png; path = flightSheetsDefault.png; sourceTree = "<group>"; };
		7315E3C2164413BF00FA05AA /* flightstatus-approach.png */ = {isa = PBXFileReference; lastKnownFileType = image.png; path = "flightstatus-approach.png"; sourceTree = "<group>"; };
		7315E3C3164413BF00FA05AA /* flightstatus-departing.png */ = {isa = PBXFileReference; lastKnownFileType = image.png; path = "flightstatus-departing.png"; sourceTree = "<group>"; };
		7315E3C4164413BF00FA05AA /* flightstatus-inflight.png */ = {isa = PBXFileReference; lastKnownFileType = image.png; path = "flightstatus-inflight.png"; sourceTree = "<group>"; };
		7315E3C5164413BF00FA05AA /* homeScreen-defaultCell.png */ = {isa = PBXFileReference; lastKnownFileType = image.png; path = "homeScreen-defaultCell.png"; sourceTree = "<group>"; };
		7315E3C8164413BF00FA05AA /* tabbar-arrival.png */ = {isa = PBXFileReference; lastKnownFileType = image.png; path = "tabbar-arrival.png"; sourceTree = "<group>"; };
		7315E3C9164413BF00FA05AA /* tabbar-departuer.png */ = {isa = PBXFileReference; lastKnownFileType = image.png; path = "tabbar-departuer.png"; sourceTree = "<group>"; };
		7315E3CB164413BF00FA05AA /* background@2x.png */ = {isa = PBXFileReference; lastKnownFileType = image.png; path = "background@2x.png"; sourceTree = "<group>"; };
		7315E3CC164413BF00FA05AA /* Default@2x.png */ = {isa = PBXFileReference; lastKnownFileType = image.png; path = "Default@2x.png"; sourceTree = "<group>"; };
		7315E3CD164413BF00FA05AA /* flightSheetsDefault@2x.png */ = {isa = PBXFileReference; lastKnownFileType = image.png; path = "flightSheetsDefault@2x.png"; sourceTree = "<group>"; };
		7315E3CE164413BF00FA05AA /* flightstatus-approach@2x.png */ = {isa = PBXFileReference; lastKnownFileType = image.png; path = "flightstatus-approach@2x.png"; sourceTree = "<group>"; };
		7315E3CF164413BF00FA05AA /* flightstatus-departing@2x.png */ = {isa = PBXFileReference; lastKnownFileType = image.png; path = "flightstatus-departing@2x.png"; sourceTree = "<group>"; };
		7315E3D0164413BF00FA05AA /* flightstatus-inflight@2x.png */ = {isa = PBXFileReference; lastKnownFileType = image.png; path = "flightstatus-inflight@2x.png"; sourceTree = "<group>"; };
		7315E3D1164413BF00FA05AA /* homeScreen-defaultCell@2x.png */ = {isa = PBXFileReference; lastKnownFileType = image.png; path = "homeScreen-defaultCell@2x.png"; sourceTree = "<group>"; };
		7315E3D5164413BF00FA05AA /* tabbar-arrival@2x.png */ = {isa = PBXFileReference; lastKnownFileType = image.png; path = "tabbar-arrival@2x.png"; sourceTree = "<group>"; };
		7315E3D6164413BF00FA05AA /* tabbar-departuer@2x.png */ = {isa = PBXFileReference; lastKnownFileType = image.png; path = "tabbar-departuer@2x.png"; sourceTree = "<group>"; };
		7315E3F9164417CA00FA05AA /* background-downtown@2x.png */ = {isa = PBXFileReference; lastKnownFileType = image.png; path = "background-downtown@2x.png"; sourceTree = "<group>"; };
		7315E3FB164417D800FA05AA /* background-downtown.png */ = {isa = PBXFileReference; lastKnownFileType = image.png; path = "background-downtown.png"; sourceTree = "<group>"; };
		7315E40016441B2500FA05AA /* background-downtown-568h@2x.png */ = {isa = PBXFileReference; lastKnownFileType = image.png; path = "background-downtown-568h@2x.png"; sourceTree = "<group>"; };
		7315E40116441B2500FA05AA /* Default-568h@2x.png */ = {isa = PBXFileReference; lastKnownFileType = image.png; path = "Default-568h@2x.png"; sourceTree = "<group>"; };
		7315E40516443BBB00FA05AA /* Icon-72.png */ = {isa = PBXFileReference; lastKnownFileType = image.png; path = "Icon-72.png"; sourceTree = "<group>"; };
		7315E40616443BBB00FA05AA /* Icon-72@2x.png */ = {isa = PBXFileReference; lastKnownFileType = image.png; path = "Icon-72@2x.png"; sourceTree = "<group>"; };
		7315E40716443BBB00FA05AA /* Icon-Small-50.png */ = {isa = PBXFileReference; lastKnownFileType = image.png; path = "Icon-Small-50.png"; sourceTree = "<group>"; };
		7315E40816443BBB00FA05AA /* Icon-Small-50@2x.png */ = {isa = PBXFileReference; lastKnownFileType = image.png; path = "Icon-Small-50@2x.png"; sourceTree = "<group>"; };
		7315E40916443BBB00FA05AA /* Icon-Small.png */ = {isa = PBXFileReference; lastKnownFileType = image.png; path = "Icon-Small.png"; sourceTree = "<group>"; };
		7315E40A16443BBB00FA05AA /* Icon-Small@2x.png */ = {isa = PBXFileReference; lastKnownFileType = image.png; path = "Icon-Small@2x.png"; sourceTree = "<group>"; };
		7315E40B16443BBB00FA05AA /* Icon.png */ = {isa = PBXFileReference; lastKnownFileType = image.png; path = Icon.png; sourceTree = "<group>"; };
		7315E40C16443BBB00FA05AA /* Icon@2x.png */ = {isa = PBXFileReference; lastKnownFileType = image.png; path = "Icon@2x.png"; sourceTree = "<group>"; };
		7315E40D16443BBB00FA05AA /* iTunesArtwork */ = {isa = PBXFileReference; lastKnownFileType = file; path = iTunesArtwork; sourceTree = "<group>"; };
		7315E40E16443BBB00FA05AA /* iTunesArtwork@2x.png */ = {isa = PBXFileReference; lastKnownFileType = image.png; path = "iTunesArtwork@2x.png"; sourceTree = "<group>"; };
		7315E41D164452BF00FA05AA /* loadingIndcationView@2x.png */ = {isa = PBXFileReference; lastKnownFileType = image.png; path = "loadingIndcationView@2x.png"; sourceTree = "<group>"; };
		7315E41F164452C900FA05AA /* loadingIndcationView.png */ = {isa = PBXFileReference; lastKnownFileType = image.png; path = loadingIndcationView.png; sourceTree = "<group>"; };
		734A329F1639938800848109 /* flightSheetDefaultCell.h */ = {isa = PBXFileReference; fileEncoding = 4; lastKnownFileType = sourcecode.c.h; path = flightSheetDefaultCell.h; sourceTree = "<group>"; };
		734A32A01639938800848109 /* flightSheetDefaultCell.m */ = {isa = PBXFileReference; fileEncoding = 4; lastKnownFileType = sourcecode.c.objc; path = flightSheetDefaultCell.m; sourceTree = "<group>"; };
		739C4E2115907113008D91FB /* HECA.app */ = {isa = PBXFileReference; explicitFileType = wrapper.application; includeInIndex = 0; path = HECA.app; sourceTree = BUILT_PRODUCTS_DIR; };
		739C4E2515907113008D91FB /* UIKit.framework */ = {isa = PBXFileReference; lastKnownFileType = wrapper.framework; name = UIKit.framework; path = System/Library/Frameworks/UIKit.framework; sourceTree = SDKROOT; };
		739C4E2715907113008D91FB /* Foundation.framework */ = {isa = PBXFileReference; lastKnownFileType = wrapper.framework; name = Foundation.framework; path = System/Library/Frameworks/Foundation.framework; sourceTree = SDKROOT; };
		739C4E2915907113008D91FB /* CoreGraphics.framework */ = {isa = PBXFileReference; lastKnownFileType = wrapper.framework; name = CoreGraphics.framework; path = System/Library/Frameworks/CoreGraphics.framework; sourceTree = SDKROOT; };
		739C4E2D15907113008D91FB /* HECA-Info.plist */ = {isa = PBXFileReference; lastKnownFileType = text.plist.xml; path = "HECA-Info.plist"; sourceTree = "<group>"; };
		739C4E2F15907113008D91FB /* en */ = {isa = PBXFileReference; lastKnownFileType = text.plist.strings; name = en; path = en.lproj/InfoPlist.strings; sourceTree = "<group>"; };
		739C4E3115907113008D91FB /* main.m */ = {isa = PBXFileReference; lastKnownFileType = sourcecode.c.objc; path = main.m; sourceTree = "<group>"; };
		739C4E3315907113008D91FB /* HECA-Prefix.pch */ = {isa = PBXFileReference; lastKnownFileType = sourcecode.c.h; path = "HECA-Prefix.pch"; sourceTree = "<group>"; };
		739C4E3415907113008D91FB /* AppDelegate.h */ = {isa = PBXFileReference; lastKnownFileType = sourcecode.c.h; path = AppDelegate.h; sourceTree = "<group>"; };
		739C4E3515907113008D91FB /* AppDelegate.m */ = {isa = PBXFileReference; lastKnownFileType = sourcecode.c.objc; path = AppDelegate.m; sourceTree = "<group>"; };
		739C4E3A15907114008D91FB /* ViewController.h */ = {isa = PBXFileReference; lastKnownFileType = sourcecode.c.h; path = ViewController.h; sourceTree = "<group>"; };
		739C4E3B15907114008D91FB /* ViewController.m */ = {isa = PBXFileReference; lastKnownFileType = sourcecode.c.objc; path = ViewController.m; sourceTree = "<group>"; };
		73F0836315C8FC9D00AE3146 /* config.h */ = {isa = PBXFileReference; fileEncoding = 4; lastKnownFileType = sourcecode.c.h; path = config.h; sourceTree = "<group>"; };
/* End PBXFileReference section */

/* Begin PBXFrameworksBuildPhase section */
		739C4E1E15907113008D91FB /* Frameworks */ = {
			isa = PBXFrameworksBuildPhase;
			buildActionMask = 2147483647;
			files = (
				739C4E2615907113008D91FB /* UIKit.framework in Frameworks */,
				739C4E2815907113008D91FB /* Foundation.framework in Frameworks */,
				739C4E2A15907113008D91FB /* CoreGraphics.framework in Frameworks */,
			);
			runOnlyForDeploymentPostprocessing = 0;
		};
/* End PBXFrameworksBuildPhase section */

/* Begin PBXGroup section */
		7315E3BD164413BF00FA05AA /* assets */ = {
			isa = PBXGroup;
			children = (
				7315E40416443BBB00FA05AA /* icons */,
				7315E3BE164413BF00FA05AA /* legacy */,
				7315E3CA164413BF00FA05AA /* retina */,
				7315E3FF16441B2500FA05AA /* retina-568h */,
			);
			path = assets;
			sourceTree = "<group>";
		};
		7315E3BE164413BF00FA05AA /* legacy */ = {
			isa = PBXGroup;
			children = (
				7315E3BF164413BF00FA05AA /* background.png */,
				7315E3FB164417D800FA05AA /* background-downtown.png */,
				7315E3C0164413BF00FA05AA /* Default.png */,
				7315E3C1164413BF00FA05AA /* flightSheetsDefault.png */,
				7315E3C2164413BF00FA05AA /* flightstatus-approach.png */,
				7315E3C3164413BF00FA05AA /* flightstatus-departing.png */,
				7315E3C4164413BF00FA05AA /* flightstatus-inflight.png */,
				7315E3C5164413BF00FA05AA /* homeScreen-defaultCell.png */,
				7315E3C8164413BF00FA05AA /* tabbar-arrival.png */,
				7315E3C9164413BF00FA05AA /* tabbar-departuer.png */,
				7315E41F164452C900FA05AA /* loadingIndcationView.png */,
			);
			path = legacy;
			sourceTree = "<group>";
		};
		7315E3CA164413BF00FA05AA /* retina */ = {
			isa = PBXGroup;
			children = (
				7315E3CB164413BF00FA05AA /* background@2x.png */,
				7315E3F9164417CA00FA05AA /* background-downtown@2x.png */,
				7315E3CC164413BF00FA05AA /* Default@2x.png */,
				7315E3CD164413BF00FA05AA /* flightSheetsDefault@2x.png */,
				7315E3CE164413BF00FA05AA /* flightstatus-approach@2x.png */,
				7315E3CF164413BF00FA05AA /* flightstatus-departing@2x.png */,
				7315E3D0164413BF00FA05AA /* flightstatus-inflight@2x.png */,
				7315E3D1164413BF00FA05AA /* homeScreen-defaultCell@2x.png */,
				7315E3D5164413BF00FA05AA /* tabbar-arrival@2x.png */,
				7315E3D6164413BF00FA05AA /* tabbar-departuer@2x.png */,
				7315E41D164452BF00FA05AA /* loadingIndcationView@2x.png */,
			);
			path = retina;
			sourceTree = "<group>";
		};
		7315E3FF16441B2500FA05AA /* retina-568h */ = {
			isa = PBXGroup;
			children = (
				7315E40016441B2500FA05AA /* background-downtown-568h@2x.png */,
				7315E40116441B2500FA05AA /* Default-568h@2x.png */,
			);
			path = "retina-568h";
			sourceTree = "<group>";
		};
		7315E40416443BBB00FA05AA /* icons */ = {
			isa = PBXGroup;
			children = (
				7315E40516443BBB00FA05AA /* Icon-72.png */,
				7315E40616443BBB00FA05AA /* Icon-72@2x.png */,
				7315E40716443BBB00FA05AA /* Icon-Small-50.png */,
				7315E40816443BBB00FA05AA /* Icon-Small-50@2x.png */,
				7315E40916443BBB00FA05AA /* Icon-Small.png */,
				7315E40A16443BBB00FA05AA /* Icon-Small@2x.png */,
				7315E40B16443BBB00FA05AA /* Icon.png */,
				7315E40C16443BBB00FA05AA /* Icon@2x.png */,
				7315E40D16443BBB00FA05AA /* iTunesArtwork */,
				7315E40E16443BBB00FA05AA /* iTunesArtwork@2x.png */,
			);
			path = icons;
			sourceTree = "<group>";
		};
		739C4E1615907111008D91FB = {
			isa = PBXGroup;
			children = (
				7313CCE6163C1F29001CAB4F /* iTunesArtwork */,
				7315E3BD164413BF00FA05AA /* assets */,
				739C4E2B15907113008D91FB /* HECA */,
				739C4E2415907113008D91FB /* Frameworks */,
				739C4E2215907113008D91FB /* Products */,
			);
			sourceTree = "<group>";
		};
		739C4E2215907113008D91FB /* Products */ = {
			isa = PBXGroup;
			children = (
				739C4E2115907113008D91FB /* HECA.app */,
			);
			name = Products;
			sourceTree = "<group>";
		};
		739C4E2415907113008D91FB /* Frameworks */ = {
			isa = PBXGroup;
			children = (
				739C4E2515907113008D91FB /* UIKit.framework */,
				739C4E2715907113008D91FB /* Foundation.framework */,
				739C4E2915907113008D91FB /* CoreGraphics.framework */,
			);
			name = Frameworks;
			sourceTree = "<group>";
		};
		739C4E2B15907113008D91FB /* HECA */ = {
			isa = PBXGroup;
			children = (
				739C4E3415907113008D91FB /* AppDelegate.h */,
				739C4E3515907113008D91FB /* AppDelegate.m */,
				7300CC7215C6321500F97A4B /* iphone.storyboard */,
				739C4E3A15907114008D91FB /* ViewController.h */,
				739C4E3B15907114008D91FB /* ViewController.m */,
				7300CC8115C67A2000F97A4B /* flightViewController.h */,
				7300CC8215C67A2100F97A4B /* flightViewController.m */,
				73F0836315C8FC9D00AE3146 /* config.h */,
				73F5BC1315A4663100F850F3 /* flightSheetCells */,
				739C4E2C15907113008D91FB /* Supporting Files */,
			);
			path = HECA;
			sourceTree = "<group>";
		};
		739C4E2C15907113008D91FB /* Supporting Files */ = {
			isa = PBXGroup;
			children = (
				739C4E2D15907113008D91FB /* HECA-Info.plist */,
				739C4E2E15907113008D91FB /* InfoPlist.strings */,
				739C4E3115907113008D91FB /* main.m */,
				739C4E3315907113008D91FB /* HECA-Prefix.pch */,
			);
			name = "Supporting Files";
			sourceTree = "<group>";
		};
		73F5BC1315A4663100F850F3 /* flightSheetCells */ = {
			isa = PBXGroup;
			children = (
				734A329F1639938800848109 /* flightSheetDefaultCell.h */,
				734A32A01639938800848109 /* flightSheetDefaultCell.m */,
				7300CC7415C6450200F97A4B /* flightInfoCell.h */,
				7300CC7515C6450200F97A4B /* flightInfoCell.m */,
				7300CC7715C6562000F97A4B /* flightStatusCell.h */,
				7300CC7815C6562000F97A4B /* flightStatusCell.m */,
			);
			name = flightSheetCells;
			sourceTree = "<group>";
		};
/* End PBXGroup section */

/* Begin PBXNativeTarget section */
		739C4E2015907113008D91FB /* HECA */ = {
			isa = PBXNativeTarget;
			buildConfigurationList = 739C4E3F15907114008D91FB /* Build configuration list for PBXNativeTarget "HECA" */;
			buildPhases = (
				739C4E1D15907113008D91FB /* Sources */,
				739C4E1E15907113008D91FB /* Frameworks */,
				739C4E1F15907113008D91FB /* Resources */,
			);
			buildRules = (
			);
			dependencies = (
			);
			name = HECA;
			productName = HECA;
			productReference = 739C4E2115907113008D91FB /* HECA.app */;
			productType = "com.apple.product-type.application";
		};
/* End PBXNativeTarget section */

/* Begin PBXProject section */
		739C4E1815907111008D91FB /* Project object */ = {
			isa = PBXProject;
			attributes = {
				LastUpgradeCheck = 0430;
				ORGANIZATIONNAME = Freelance;
			};
			buildConfigurationList = 739C4E1B15907111008D91FB /* Build configuration list for PBXProject "HECA" */;
			compatibilityVersion = "Xcode 3.2";
			developmentRegion = English;
			hasScannedForEncodings = 0;
			knownRegions = (
				en,
			);
			mainGroup = 739C4E1615907111008D91FB;
			productRefGroup = 739C4E2215907113008D91FB /* Products */;
			projectDirPath = "";
			projectRoot = "";
			targets = (
				739C4E2015907113008D91FB /* HECA */,
			);
		};
/* End PBXProject section */

/* Begin PBXResourcesBuildPhase section */
		739C4E1F15907113008D91FB /* Resources */ = {
			isa = PBXResourcesBuildPhase;
			buildActionMask = 2147483647;
			files = (
				739C4E3015907113008D91FB /* InfoPlist.strings in Resources */,
				7300CC7315C6321500F97A4B /* iphone.storyboard in Resources */,
				7315E3D7164413BF00FA05AA /* background.png in Resources */,
				7315E3D8164413BF00FA05AA /* Default.png in Resources */,
				7315E3D9164413BF00FA05AA /* flightSheetsDefault.png in Resources */,
				7315E3DA164413BF00FA05AA /* flightstatus-approach.png in Resources */,
				7315E3DB164413BF00FA05AA /* flightstatus-departing.png in Resources */,
				7315E3DC164413BF00FA05AA /* flightstatus-inflight.png in Resources */,
				7315E3DD164413BF00FA05AA /* homeScreen-defaultCell.png in Resources */,
				7315E3E0164413BF00FA05AA /* tabbar-arrival.png in Resources */,
				7315E3E1164413BF00FA05AA /* tabbar-departuer.png in Resources */,
				7315E3E2164413BF00FA05AA /* background@2x.png in Resources */,
				7315E3E3164413BF00FA05AA /* Default@2x.png in Resources */,
				7315E3E4164413BF00FA05AA /* flightSheetsDefault@2x.png in Resources */,
				7315E3E5164413BF00FA05AA /* flightstatus-approach@2x.png in Resources */,
				7315E3E6164413BF00FA05AA /* flightstatus-departing@2x.png in Resources */,
				7315E3E7164413BF00FA05AA /* flightstatus-inflight@2x.png in Resources */,
				7315E3E8164413BF00FA05AA /* homeScreen-defaultCell@2x.png in Resources */,
				7315E3EC164413BF00FA05AA /* tabbar-arrival@2x.png in Resources */,
				7315E3ED164413BF00FA05AA /* tabbar-departuer@2x.png in Resources */,
				7315E3FA164417CA00FA05AA /* background-downtown@2x.png in Resources */,
				7315E3FC164417D800FA05AA /* background-downtown.png in Resources */,
				7315E40216441B2500FA05AA /* background-downtown-568h@2x.png in Resources */,
				7315E40316441B2500FA05AA /* Default-568h@2x.png in Resources */,
				7315E40F16443BBB00FA05AA /* Icon-72.png in Resources */,
				7315E41016443BBB00FA05AA /* Icon-72@2x.png in Resources */,
				7315E41116443BBB00FA05AA /* Icon-Small-50.png in Resources */,
				7315E41216443BBB00FA05AA /* Icon-Small-50@2x.png in Resources */,
				7315E41316443BBB00FA05AA /* Icon-Small.png in Resources */,
				7315E41416443BBB00FA05AA /* Icon-Small@2x.png in Resources */,
				7315E41516443BBB00FA05AA /* Icon.png in Resources */,
				7315E41616443BBB00FA05AA /* Icon@2x.png in Resources */,
				7315E41716443BBB00FA05AA /* iTunesArtwork in Resources */,
				7315E41816443BBB00FA05AA /* iTunesArtwork@2x.png in Resources */,
				7315E41E164452BF00FA05AA /* loadingIndcationView@2x.png in Resources */,
				7315E420164452C900FA05AA /* loadingIndcationView.png in Resources */,
			);
			runOnlyForDeploymentPostprocessing = 0;
		};
/* End PBXResourcesBuildPhase section */

/* Begin PBXSourcesBuildPhase section */
		739C4E1D15907113008D91FB /* Sources */ = {
			isa = PBXSourcesBuildPhase;
			buildActionMask = 2147483647;
			files = (
				739C4E3215907113008D91FB /* main.m in Sources */,
				739C4E3615907113008D91FB /* AppDelegate.m in Sources */,
				739C4E3C15907114008D91FB /* ViewController.m in Sources */,
				7300CC7615C6450200F97A4B /* flightInfoCell.m in Sources */,
				7300CC7915C6562000F97A4B /* flightStatusCell.m in Sources */,
				7300CC8315C67A2100F97A4B /* flightViewController.m in Sources */,
				734A32A11639938800848109 /* flightSheetDefaultCell.m in Sources */,
			);
			runOnlyForDeploymentPostprocessing = 0;
		};
/* End PBXSourcesBuildPhase section */

/* Begin PBXVariantGroup section */
		739C4E2E15907113008D91FB /* InfoPlist.strings */ = {
			isa = PBXVariantGroup;
			children = (
				739C4E2F15907113008D91FB /* en */,
			);
			name = InfoPlist.strings;
			sourceTree = "<group>";
		};
/* End PBXVariantGroup section */

/* Begin XCBuildConfiguration section */
		739C4E3D15907114008D91FB /* Debug */ = {
			isa = XCBuildConfiguration;
			buildSettings = {
				ALWAYS_SEARCH_USER_PATHS = NO;
				ARCHS = "$(ARCHS_STANDARD_32_BIT)";
				CLANG_ENABLE_OBJC_ARC = YES;
				"CODE_SIGN_IDENTITY[sdk=iphoneos*]" = "iPhone Developer";
				COPY_PHASE_STRIP = NO;
				GCC_C_LANGUAGE_STANDARD = gnu99;
				GCC_DYNAMIC_NO_PIC = NO;
				GCC_OPTIMIZATION_LEVEL = 0;
				GCC_PREPROCESSOR_DEFINITIONS = (
					"DEBUG=1",
					"$(inherited)",
				);
				GCC_SYMBOLS_PRIVATE_EXTERN = NO;
				GCC_VERSION = com.apple.compilers.llvm.clang.1_0;
				GCC_WARN_ABOUT_RETURN_TYPE = YES;
				GCC_WARN_UNINITIALIZED_AUTOS = YES;
				GCC_WARN_UNUSED_VARIABLE = YES;
				IPHONEOS_DEPLOYMENT_TARGET = 5.0;
				SDKROOT = iphoneos;
			};
			name = Debug;
		};
		739C4E3E15907114008D91FB /* Release */ = {
			isa = XCBuildConfiguration;
			buildSettings = {
				ALWAYS_SEARCH_USER_PATHS = NO;
				ARCHS = "$(ARCHS_STANDARD_32_BIT)";
				CLANG_ENABLE_OBJC_ARC = YES;
				"CODE_SIGN_IDENTITY[sdk=iphoneos*]" = "iPhone Developer";
				COPY_PHASE_STRIP = YES;
				GCC_C_LANGUAGE_STANDARD = gnu99;
				GCC_VERSION = com.apple.compilers.llvm.clang.1_0;
				GCC_WARN_ABOUT_RETURN_TYPE = YES;
				GCC_WARN_UNINITIALIZED_AUTOS = YES;
				GCC_WARN_UNUSED_VARIABLE = YES;
				IPHONEOS_DEPLOYMENT_TARGET = 5.0;
				OTHER_CFLAGS = "-DNS_BLOCK_ASSERTIONS=1";
				SDKROOT = iphoneos;
				VALIDATE_PRODUCT = YES;
			};
			name = Release;
		};
		739C4E4015907114008D91FB /* Debug */ = {
			isa = XCBuildConfiguration;
			buildSettings = {
				GCC_PRECOMPILE_PREFIX_HEADER = YES;
				GCC_PREFIX_HEADER = "HECA/HECA-Prefix.pch";
				INFOPLIST_FILE = "HECA/HECA-Info.plist";
				IPHONEOS_DEPLOYMENT_TARGET = 5.0;
				PRODUCT_NAME = "$(TARGET_NAME)";
				WRAPPER_EXTENSION = app;
			};
			name = Debug;
		};
		739C4E4115907114008D91FB /* Release */ = {
			isa = XCBuildConfiguration;
			buildSettings = {
				GCC_PRECOMPILE_PREFIX_HEADER = YES;
				GCC_PREFIX_HEADER = "HECA/HECA-Prefix.pch";
				INFOPLIST_FILE = "HECA/HECA-Info.plist";
				IPHONEOS_DEPLOYMENT_TARGET = 5.0;
				PRODUCT_NAME = "$(TARGET_NAME)";
				WRAPPER_EXTENSION = app;
			};
			name = Release;
		};
/* End XCBuildConfiguration section */

/* Begin XCConfigurationList section */
		739C4E1B15907111008D91FB /* Build configuration list for PBXProject "HECA" */ = {
			isa = XCConfigurationList;
			buildConfigurations = (
				739C4E3D15907114008D91FB /* Debug */,
				739C4E3E15907114008D91FB /* Release */,
			);
			defaultConfigurationIsVisible = 0;
			defaultConfigurationName = Release;
		};
		739C4E3F15907114008D91FB /* Build configuration list for PBXNativeTarget "HECA" */ = {
			isa = XCConfigurationList;
			buildConfigurations = (
				739C4E4015907114008D91FB /* Debug */,
				739C4E4115907114008D91FB /* Release */,
			);
			defaultConfigurationIsVisible = 0;
			defaultConfigurationName = Release;
		};
/* End XCConfigurationList section */
	};
	rootObject = 739C4E1815907111008D91FB /* Project object */;
}
