// !$*UTF8*$!
{
	archiveVersion = 1;
	classes = {
	};
	objectVersion = 46;
	objects = {

/* Begin PBXBuildFile section */
		739C4E2615907113008D91FB /* UIKit.framework in Frameworks */ = {isa = PBXBuildFile; fileRef = 739C4E2515907113008D91FB /* UIKit.framework */; };
		739C4E2815907113008D91FB /* Foundation.framework in Frameworks */ = {isa = PBXBuildFile; fileRef = 739C4E2715907113008D91FB /* Foundation.framework */; };
		739C4E2A15907113008D91FB /* CoreGraphics.framework in Frameworks */ = {isa = PBXBuildFile; fileRef = 739C4E2915907113008D91FB /* CoreGraphics.framework */; };
		739C4E3015907113008D91FB /* InfoPlist.strings in Resources */ = {isa = PBXBuildFile; fileRef = 739C4E2E15907113008D91FB /* InfoPlist.strings */; };
		739C4E3215907113008D91FB /* main.m in Sources */ = {isa = PBXBuildFile; fileRef = 739C4E3115907113008D91FB /* main.m */; };
		739C4E3615907113008D91FB /* AppDelegate.m in Sources */ = {isa = PBXBuildFile; fileRef = 739C4E3515907113008D91FB /* AppDelegate.m */; };
		739C4E3915907114008D91FB /* iphone.storyboard in Resources */ = {isa = PBXBuildFile; fileRef = 739C4E3715907114008D91FB /* iphone.storyboard */; };
		739C4E3C15907114008D91FB /* ViewController.m in Sources */ = {isa = PBXBuildFile; fileRef = 739C4E3B15907114008D91FB /* ViewController.m */; };
		73BD491A15908190009CEA51 /* tower@2x.png in Resources */ = {isa = PBXBuildFile; fileRef = 73BD491915908190009CEA51 /* tower@2x.png */; };
		73BD491C15908194009CEA51 /* tower.png in Resources */ = {isa = PBXBuildFile; fileRef = 73BD491B15908194009CEA51 /* tower.png */; };
		73BD49211590819F009CEA51 /* arrival.png in Resources */ = {isa = PBXBuildFile; fileRef = 73BD491D1590819F009CEA51 /* arrival.png */; };
		73BD49221590819F009CEA51 /* arrival@2x.png in Resources */ = {isa = PBXBuildFile; fileRef = 73BD491E1590819F009CEA51 /* arrival@2x.png */; };
		73BD49231590819F009CEA51 /* depurture.png in Resources */ = {isa = PBXBuildFile; fileRef = 73BD491F1590819F009CEA51 /* depurture.png */; };
		73BD49241590819F009CEA51 /* depurture@2x.png in Resources */ = {isa = PBXBuildFile; fileRef = 73BD49201590819F009CEA51 /* depurture@2x.png */; };
		73BD492B15909071009CEA51 /* Default@2x.png in Resources */ = {isa = PBXBuildFile; fileRef = 73BD492A15909071009CEA51 /* Default@2x.png */; };
		73BD492D15909074009CEA51 /* Default.png in Resources */ = {isa = PBXBuildFile; fileRef = 73BD492C15909074009CEA51 /* Default.png */; };
		73CCEEC215B3074900C853EE /* Icon-Small.png in Resources */ = {isa = PBXBuildFile; fileRef = 73CCEEBC15B3074900C853EE /* Icon-Small.png */; };
		73CCEEC315B3074900C853EE /* Icon-Small@2x.png in Resources */ = {isa = PBXBuildFile; fileRef = 73CCEEBD15B3074900C853EE /* Icon-Small@2x.png */; };
		73CCEEC415B3074900C853EE /* Icon.png in Resources */ = {isa = PBXBuildFile; fileRef = 73CCEEBE15B3074900C853EE /* Icon.png */; };
		73CCEEC515B3074900C853EE /* Icon@2x.png in Resources */ = {isa = PBXBuildFile; fileRef = 73CCEEBF15B3074900C853EE /* Icon@2x.png */; };
		73CCEEC615B3074900C853EE /* iTunesArtwork in Resources */ = {isa = PBXBuildFile; fileRef = 73CCEEC015B3074900C853EE /* iTunesArtwork */; };
		73CCEEC715B3074900C853EE /* iTunesArtwork@2x.png in Resources */ = {isa = PBXBuildFile; fileRef = 73CCEEC115B3074900C853EE /* iTunesArtwork@2x.png */; };
		73F5BC0E15A453B400F850F3 /* flightSheet.m in Sources */ = {isa = PBXBuildFile; fileRef = 73F5BC0D15A453B400F850F3 /* flightSheet.m */; };
		73F5BC1215A4662800F850F3 /* flightSheetController.m in Sources */ = {isa = PBXBuildFile; fileRef = 73F5BC1115A4662800F850F3 /* flightSheetController.m */; };
/* End PBXBuildFile section */

/* Begin PBXFileReference section */
		739C4E2115907113008D91FB /* HECA.app */ = {isa = PBXFileReference; explicitFileType = wrapper.application; includeInIndex = 0; path = HECA.app; sourceTree = BUILT_PRODUCTS_DIR; };
		739C4E2515907113008D91FB /* UIKit.framework */ = {isa = PBXFileReference; lastKnownFileType = wrapper.framework; name = UIKit.framework; path = System/Library/Frameworks/UIKit.framework; sourceTree = SDKROOT; };
		739C4E2715907113008D91FB /* Foundation.framework */ = {isa = PBXFileReference; lastKnownFileType = wrapper.framework; name = Foundation.framework; path = System/Library/Frameworks/Foundation.framework; sourceTree = SDKROOT; };
		739C4E2915907113008D91FB /* CoreGraphics.framework */ = {isa = PBXFileReference; lastKnownFileType = wrapper.framework; name = CoreGraphics.framework; path = System/Library/Frameworks/CoreGraphics.framework; sourceTree = SDKROOT; };
		739C4E2D15907113008D91FB /* HECA-Info.plist */ = {isa = PBXFileReference; lastKnownFileType = text.plist.xml; path = "HECA-Info.plist"; sourceTree = "<group>"; };
		739C4E2F15907113008D91FB /* en */ = {isa = PBXFileReference; lastKnownFileType = text.plist.strings; name = en; path = en.lproj/InfoPlist.strings; sourceTree = "<group>"; };
		739C4E3115907113008D91FB /* main.m */ = {isa = PBXFileReference; lastKnownFileType = sourcecode.c.objc; path = main.m; sourceTree = "<group>"; };
		739C4E3315907113008D91FB /* HECA-Prefix.pch */ = {isa = PBXFileReference; lastKnownFileType = sourcecode.c.h; path = "HECA-Prefix.pch"; sourceTree = "<group>"; };
		739C4E3415907113008D91FB /* AppDelegate.h */ = {isa = PBXFileReference; lastKnownFileType = sourcecode.c.h; path = AppDelegate.h; sourceTree = "<group>"; };
		739C4E3515907113008D91FB /* AppDelegate.m */ = {isa = PBXFileReference; lastKnownFileType = sourcecode.c.objc; path = AppDelegate.m; sourceTree = "<group>"; };
		739C4E3815907114008D91FB /* en */ = {isa = PBXFileReference; lastKnownFileType = file.storyboard; name = en; path = en.lproj/iphone.storyboard; sourceTree = "<group>"; };
		739C4E3A15907114008D91FB /* ViewController.h */ = {isa = PBXFileReference; lastKnownFileType = sourcecode.c.h; path = ViewController.h; sourceTree = "<group>"; };
		739C4E3B15907114008D91FB /* ViewController.m */ = {isa = PBXFileReference; lastKnownFileType = sourcecode.c.objc; path = ViewController.m; sourceTree = "<group>"; };
		73BD491915908190009CEA51 /* tower@2x.png */ = {isa = PBXFileReference; lastKnownFileType = image.png; path = "tower@2x.png"; sourceTree = "<group>"; };
		73BD491B15908194009CEA51 /* tower.png */ = {isa = PBXFileReference; lastKnownFileType = image.png; path = tower.png; sourceTree = "<group>"; };
		73BD491D1590819F009CEA51 /* arrival.png */ = {isa = PBXFileReference; lastKnownFileType = image.png; path = arrival.png; sourceTree = "<group>"; };
		73BD491E1590819F009CEA51 /* arrival@2x.png */ = {isa = PBXFileReference; lastKnownFileType = image.png; path = "arrival@2x.png"; sourceTree = "<group>"; };
		73BD491F1590819F009CEA51 /* depurture.png */ = {isa = PBXFileReference; lastKnownFileType = image.png; path = depurture.png; sourceTree = "<group>"; };
		73BD49201590819F009CEA51 /* depurture@2x.png */ = {isa = PBXFileReference; lastKnownFileType = image.png; path = "depurture@2x.png"; sourceTree = "<group>"; };
		73BD492A15909071009CEA51 /* Default@2x.png */ = {isa = PBXFileReference; lastKnownFileType = image.png; path = "Default@2x.png"; sourceTree = "<group>"; };
		73BD492C15909074009CEA51 /* Default.png */ = {isa = PBXFileReference; lastKnownFileType = image.png; path = Default.png; sourceTree = "<group>"; };
		73CCEEBC15B3074900C853EE /* Icon-Small.png */ = {isa = PBXFileReference; lastKnownFileType = image.png; path = "Icon-Small.png"; sourceTree = "<group>"; };
		73CCEEBD15B3074900C853EE /* Icon-Small@2x.png */ = {isa = PBXFileReference; lastKnownFileType = image.png; path = "Icon-Small@2x.png"; sourceTree = "<group>"; };
		73CCEEBE15B3074900C853EE /* Icon.png */ = {isa = PBXFileReference; lastKnownFileType = image.png; path = Icon.png; sourceTree = "<group>"; };
		73CCEEBF15B3074900C853EE /* Icon@2x.png */ = {isa = PBXFileReference; lastKnownFileType = image.png; path = "Icon@2x.png"; sourceTree = "<group>"; };
		73CCEEC015B3074900C853EE /* iTunesArtwork */ = {isa = PBXFileReference; lastKnownFileType = file; path = iTunesArtwork; sourceTree = "<group>"; };
		73CCEEC115B3074900C853EE /* iTunesArtwork@2x.png */ = {isa = PBXFileReference; lastKnownFileType = image.png; path = "iTunesArtwork@2x.png"; sourceTree = "<group>"; };
		73F5BC0C15A453B400F850F3 /* flightSheet.h */ = {isa = PBXFileReference; fileEncoding = 4; lastKnownFileType = sourcecode.c.h; path = flightSheet.h; sourceTree = "<group>"; };
		73F5BC0D15A453B400F850F3 /* flightSheet.m */ = {isa = PBXFileReference; fileEncoding = 4; lastKnownFileType = sourcecode.c.objc; path = flightSheet.m; sourceTree = "<group>"; };
		73F5BC1015A4662700F850F3 /* flightSheetController.h */ = {isa = PBXFileReference; fileEncoding = 4; lastKnownFileType = sourcecode.c.h; path = flightSheetController.h; sourceTree = "<group>"; };
		73F5BC1115A4662800F850F3 /* flightSheetController.m */ = {isa = PBXFileReference; fileEncoding = 4; lastKnownFileType = sourcecode.c.objc; path = flightSheetController.m; sourceTree = "<group>"; };
/* End PBXFileReference section */

/* Begin PBXFrameworksBuildPhase section */
		739C4E1E15907113008D91FB /* Frameworks */ = {
			isa = PBXFrameworksBuildPhase;
			buildActionMask = 2147483647;
			files = (
				739C4E2615907113008D91FB /* UIKit.framework in Frameworks */,
				739C4E2815907113008D91FB /* Foundation.framework in Frameworks */,
				739C4E2A15907113008D91FB /* CoreGraphics.framework in Frameworks */,
			);
			runOnlyForDeploymentPostprocessing = 0;
		};
/* End PBXFrameworksBuildPhase section */

/* Begin PBXGroup section */
		739C4E1615907111008D91FB = {
			isa = PBXGroup;
			children = (
				739C4E2B15907113008D91FB /* HECA */,
				73BD492515908BD0009CEA51 /* graphic */,
				739C4E2415907113008D91FB /* Frameworks */,
				739C4E2215907113008D91FB /* Products */,
			);
			sourceTree = "<group>";
		};
		739C4E2215907113008D91FB /* Products */ = {
			isa = PBXGroup;
			children = (
				739C4E2115907113008D91FB /* HECA.app */,
			);
			name = Products;
			sourceTree = "<group>";
		};
		739C4E2415907113008D91FB /* Frameworks */ = {
			isa = PBXGroup;
			children = (
				739C4E2515907113008D91FB /* UIKit.framework */,
				739C4E2715907113008D91FB /* Foundation.framework */,
				739C4E2915907113008D91FB /* CoreGraphics.framework */,
			);
			name = Frameworks;
			sourceTree = "<group>";
		};
		739C4E2B15907113008D91FB /* HECA */ = {
			isa = PBXGroup;
			children = (
				739C4E3415907113008D91FB /* AppDelegate.h */,
				739C4E3515907113008D91FB /* AppDelegate.m */,
				739C4E3715907114008D91FB /* iphone.storyboard */,
				739C4E3A15907114008D91FB /* ViewController.h */,
				739C4E3B15907114008D91FB /* ViewController.m */,
				73F5BC1315A4663100F850F3 /* flightSheet */,
				739C4E2C15907113008D91FB /* Supporting Files */,
			);
			path = HECA;
			sourceTree = "<group>";
		};
		739C4E2C15907113008D91FB /* Supporting Files */ = {
			isa = PBXGroup;
			children = (
				739C4E2D15907113008D91FB /* HECA-Info.plist */,
				739C4E2E15907113008D91FB /* InfoPlist.strings */,
				739C4E3115907113008D91FB /* main.m */,
				739C4E3315907113008D91FB /* HECA-Prefix.pch */,
			);
			name = "Supporting Files";
			sourceTree = "<group>";
		};
		73BD492515908BD0009CEA51 /* graphic */ = {
			isa = PBXGroup;
			children = (
				73CCEEBC15B3074900C853EE /* Icon-Small.png */,
				73CCEEBE15B3074900C853EE /* Icon.png */,
				73CCEEBD15B3074900C853EE /* Icon-Small@2x.png */,
				73CCEEBF15B3074900C853EE /* Icon@2x.png */,
				73CCEEC015B3074900C853EE /* iTunesArtwork */,
				73CCEEC115B3074900C853EE /* iTunesArtwork@2x.png */,
				73BD492C15909074009CEA51 /* Default.png */,
				73BD492A15909071009CEA51 /* Default@2x.png */,
				73BD491D1590819F009CEA51 /* arrival.png */,
				73BD491E1590819F009CEA51 /* arrival@2x.png */,
				73BD491F1590819F009CEA51 /* depurture.png */,
				73BD49201590819F009CEA51 /* depurture@2x.png */,
				73BD491B15908194009CEA51 /* tower.png */,
				73BD491915908190009CEA51 /* tower@2x.png */,
			);
			name = graphic;
			sourceTree = "<group>";
		};
		73F5BC1315A4663100F850F3 /* flightSheet */ = {
			isa = PBXGroup;
			children = (
				73F5BC0C15A453B400F850F3 /* flightSheet.h */,
				73F5BC0D15A453B400F850F3 /* flightSheet.m */,
				73F5BC1015A4662700F850F3 /* flightSheetController.h */,
				73F5BC1115A4662800F850F3 /* flightSheetController.m */,
			);
			name = flightSheet;
			sourceTree = "<group>";
		};
/* End PBXGroup section */

/* Begin PBXNativeTarget section */
		739C4E2015907113008D91FB /* HECA */ = {
			isa = PBXNativeTarget;
			buildConfigurationList = 739C4E3F15907114008D91FB /* Build configuration list for PBXNativeTarget "HECA" */;
			buildPhases = (
				739C4E1D15907113008D91FB /* Sources */,
				739C4E1E15907113008D91FB /* Frameworks */,
				739C4E1F15907113008D91FB /* Resources */,
			);
			buildRules = (
			);
			dependencies = (
			);
			name = HECA;
			productName = HECA;
			productReference = 739C4E2115907113008D91FB /* HECA.app */;
			productType = "com.apple.product-type.application";
		};
/* End PBXNativeTarget section */

/* Begin PBXProject section */
		739C4E1815907111008D91FB /* Project object */ = {
			isa = PBXProject;
			attributes = {
				LastUpgradeCheck = 0430;
				ORGANIZATIONNAME = Freelance;
			};
			buildConfigurationList = 739C4E1B15907111008D91FB /* Build configuration list for PBXProject "HECA" */;
			compatibilityVersion = "Xcode 3.2";
			developmentRegion = English;
			hasScannedForEncodings = 0;
			knownRegions = (
				en,
			);
			mainGroup = 739C4E1615907111008D91FB;
			productRefGroup = 739C4E2215907113008D91FB /* Products */;
			projectDirPath = "";
			projectRoot = "";
			targets = (
				739C4E2015907113008D91FB /* HECA */,
			);
		};
/* End PBXProject section */

/* Begin PBXResourcesBuildPhase section */
		739C4E1F15907113008D91FB /* Resources */ = {
			isa = PBXResourcesBuildPhase;
			buildActionMask = 2147483647;
			files = (
				739C4E3015907113008D91FB /* InfoPlist.strings in Resources */,
				739C4E3915907114008D91FB /* iphone.storyboard in Resources */,
				73BD491A15908190009CEA51 /* tower@2x.png in Resources */,
				73BD491C15908194009CEA51 /* tower.png in Resources */,
				73BD49211590819F009CEA51 /* arrival.png in Resources */,
				73BD49221590819F009CEA51 /* arrival@2x.png in Resources */,
				73BD49231590819F009CEA51 /* depurture.png in Resources */,
				73BD49241590819F009CEA51 /* depurture@2x.png in Resources */,
				73BD492B15909071009CEA51 /* Default@2x.png in Resources */,
				73BD492D15909074009CEA51 /* Default.png in Resources */,
				73CCEEC215B3074900C853EE /* Icon-Small.png in Resources */,
				73CCEEC315B3074900C853EE /* Icon-Small@2x.png in Resources */,
				73CCEEC415B3074900C853EE /* Icon.png in Resources */,
				73CCEEC515B3074900C853EE /* Icon@2x.png in Resources */,
				73CCEEC615B3074900C853EE /* iTunesArtwork in Resources */,
				73CCEEC715B3074900C853EE /* iTunesArtwork@2x.png in Resources */,
			);
			runOnlyForDeploymentPostprocessing = 0;
		};
/* End PBXResourcesBuildPhase section */

/* Begin PBXSourcesBuildPhase section */
		739C4E1D15907113008D91FB /* Sources */ = {
			isa = PBXSourcesBuildPhase;
			buildActionMask = 2147483647;
			files = (
				739C4E3215907113008D91FB /* main.m in Sources */,
				739C4E3615907113008D91FB /* AppDelegate.m in Sources */,
				739C4E3C15907114008D91FB /* ViewController.m in Sources */,
				73F5BC0E15A453B400F850F3 /* flightSheet.m in Sources */,
				73F5BC1215A4662800F850F3 /* flightSheetController.m in Sources */,
			);
			runOnlyForDeploymentPostprocessing = 0;
		};
/* End PBXSourcesBuildPhase section */

/* Begin PBXVariantGroup section */
		739C4E2E15907113008D91FB /* InfoPlist.strings */ = {
			isa = PBXVariantGroup;
			children = (
				739C4E2F15907113008D91FB /* en */,
			);
			name = InfoPlist.strings;
			sourceTree = "<group>";
		};
		739C4E3715907114008D91FB /* iphone.storyboard */ = {
			isa = PBXVariantGroup;
			children = (
				739C4E3815907114008D91FB /* en */,
			);
			name = iphone.storyboard;
			sourceTree = "<group>";
		};
/* End PBXVariantGroup section */

/* Begin XCBuildConfiguration section */
		739C4E3D15907114008D91FB /* Debug */ = {
			isa = XCBuildConfiguration;
			buildSettings = {
				ALWAYS_SEARCH_USER_PATHS = NO;
				ARCHS = "$(ARCHS_STANDARD_32_BIT)";
				CLANG_ENABLE_OBJC_ARC = YES;
				"CODE_SIGN_IDENTITY[sdk=iphoneos*]" = "iPhone Developer";
				COPY_PHASE_STRIP = NO;
				GCC_C_LANGUAGE_STANDARD = gnu99;
				GCC_DYNAMIC_NO_PIC = NO;
				GCC_OPTIMIZATION_LEVEL = 0;
				GCC_PREPROCESSOR_DEFINITIONS = (
					"DEBUG=1",
					"$(inherited)",
				);
				GCC_SYMBOLS_PRIVATE_EXTERN = NO;
				GCC_VERSION = com.apple.compilers.llvm.clang.1_0;
				GCC_WARN_ABOUT_RETURN_TYPE = YES;
				GCC_WARN_UNINITIALIZED_AUTOS = YES;
				GCC_WARN_UNUSED_VARIABLE = YES;
				IPHONEOS_DEPLOYMENT_TARGET = 5.1;
				SDKROOT = iphoneos;
			};
			name = Debug;
		};
		739C4E3E15907114008D91FB /* Release */ = {
			isa = XCBuildConfiguration;
			buildSettings = {
				ALWAYS_SEARCH_USER_PATHS = NO;
				ARCHS = "$(ARCHS_STANDARD_32_BIT)";
				CLANG_ENABLE_OBJC_ARC = YES;
				"CODE_SIGN_IDENTITY[sdk=iphoneos*]" = "iPhone Developer";
				COPY_PHASE_STRIP = YES;
				GCC_C_LANGUAGE_STANDARD = gnu99;
				GCC_VERSION = com.apple.compilers.llvm.clang.1_0;
				GCC_WARN_ABOUT_RETURN_TYPE = YES;
				GCC_WARN_UNINITIALIZED_AUTOS = YES;
				GCC_WARN_UNUSED_VARIABLE = YES;
				IPHONEOS_DEPLOYMENT_TARGET = 5.1;
				OTHER_CFLAGS = "-DNS_BLOCK_ASSERTIONS=1";
				SDKROOT = iphoneos;
				VALIDATE_PRODUCT = YES;
			};
			name = Release;
		};
		739C4E4015907114008D91FB /* Debug */ = {
			isa = XCBuildConfiguration;
			buildSettings = {
				GCC_PRECOMPILE_PREFIX_HEADER = YES;
				GCC_PREFIX_HEADER = "HECA/HECA-Prefix.pch";
				INFOPLIST_FILE = "HECA/HECA-Info.plist";
				IPHONEOS_DEPLOYMENT_TARGET = 5.0;
				PRODUCT_NAME = "$(TARGET_NAME)";
				WRAPPER_EXTENSION = app;
			};
			name = Debug;
		};
		739C4E4115907114008D91FB /* Release */ = {
			isa = XCBuildConfiguration;
			buildSettings = {
				GCC_PRECOMPILE_PREFIX_HEADER = YES;
				GCC_PREFIX_HEADER = "HECA/HECA-Prefix.pch";
				INFOPLIST_FILE = "HECA/HECA-Info.plist";
				IPHONEOS_DEPLOYMENT_TARGET = 5.0;
				PRODUCT_NAME = "$(TARGET_NAME)";
				WRAPPER_EXTENSION = app;
			};
			name = Release;
		};
/* End XCBuildConfiguration section */

/* Begin XCConfigurationList section */
		739C4E1B15907111008D91FB /* Build configuration list for PBXProject "HECA" */ = {
			isa = XCConfigurationList;
			buildConfigurations = (
				739C4E3D15907114008D91FB /* Debug */,
				739C4E3E15907114008D91FB /* Release */,
			);
			defaultConfigurationIsVisible = 0;
			defaultConfigurationName = Release;
		};
		739C4E3F15907114008D91FB /* Build configuration list for PBXNativeTarget "HECA" */ = {
			isa = XCConfigurationList;
			buildConfigurations = (
				739C4E4015907114008D91FB /* Debug */,
				739C4E4115907114008D91FB /* Release */,
			);
			defaultConfigurationIsVisible = 0;
			defaultConfigurationName = Release;
		};
/* End XCConfigurationList section */
	};
	rootObject = 739C4E1815907111008D91FB /* Project object */;
}
